// !$*UTF8*$!
{
	archiveVersion = 1;
	classes = {
	};
	objectVersion = 46;
	objects = {

/* Begin PBXBuildFile section */
		3601D9CC1F2C758900E53372 /* CellV.xib in Resources */ = {isa = PBXBuildFile; fileRef = 3601D9CB1F2C758900E53372 /* CellV.xib */; };
		3601D9CE1F2C7AB000E53372 /* CellV.swift in Sources */ = {isa = PBXBuildFile; fileRef = 3601D9CD1F2C7AB000E53372 /* CellV.swift */; };
		3601D9D21F2C823000E53372 /* FormViewController.swift in Sources */ = {isa = PBXBuildFile; fileRef = 3601D9D11F2C823000E53372 /* FormViewController.swift */; };
		36077BA91F361FE500EDA15F /* CreateAgfussVC.swift in Sources */ = {isa = PBXBuildFile; fileRef = 36077BA81F361FE500EDA15F /* CreateAgfussVC.swift */; };
		36077BAB1F36207900EDA15F /* AgfussCell.swift in Sources */ = {isa = PBXBuildFile; fileRef = 36077BAA1F36207900EDA15F /* AgfussCell.swift */; };
		3607F4681F4C3E95005E0FEA /* MainViewController.swift in Sources */ = {isa = PBXBuildFile; fileRef = 3607F4671F4C3E95005E0FEA /* MainViewController.swift */; };
		360FDAB91F161CCE00E7FF9B /* caution_a3-min.pdf in Resources */ = {isa = PBXBuildFile; fileRef = 360FDAB81F161CCE00E7FF9B /* caution_a3-min.pdf */; };
		36332A3E1F122F7700416442 /* OilDetailVC.swift in Sources */ = {isa = PBXBuildFile; fileRef = 36332A3D1F122F7700416442 /* OilDetailVC.swift */; };
		3661B6C11F12005500B7B8E2 /* Oils.swift in Sources */ = {isa = PBXBuildFile; fileRef = 3661B6C01F12005500B7B8E2 /* Oils.swift */; };
		3661B6C41F120B6600B7B8E2 /* OilCell.swift in Sources */ = {isa = PBXBuildFile; fileRef = 3661B6C31F120B6600B7B8E2 /* OilCell.swift */; };
		366D1D831F504BC90013A242 /* DBUtil.swift in Sources */ = {isa = PBXBuildFile; fileRef = 366D1D821F504BC90013A242 /* DBUtil.swift */; };
		366F7A071F12115C00117B32 /* oils.csv in Resources */ = {isa = PBXBuildFile; fileRef = 366F7A061F12115C00117B32 /* oils.csv */; };
		366F7A0A1F12123900117B32 /* csv.swift in Sources */ = {isa = PBXBuildFile; fileRef = 366F7A091F12123900117B32 /* csv.swift */; };
		3679867A1F503D80003904D7 /* oilModel.xcdatamodeld in Sources */ = {isa = PBXBuildFile; fileRef = 367986781F503D80003904D7 /* oilModel.xcdatamodeld */; };
		3688A3B91F4440B4002A94D4 /* SignInVC.swift in Sources */ = {isa = PBXBuildFile; fileRef = 3688A3B81F4440B4002A94D4 /* SignInVC.swift */; };
		3688A3BB1F4440DC002A94D4 /* SignUpVC.swift in Sources */ = {isa = PBXBuildFile; fileRef = 3688A3BA1F4440DC002A94D4 /* SignUpVC.swift */; };
		3688A3BD1F44411F002A94D4 /* ForgetPasswordVC.swift in Sources */ = {isa = PBXBuildFile; fileRef = 3688A3BC1F44411F002A94D4 /* ForgetPasswordVC.swift */; };
		3688A3BF1F444146002A94D4 /* VerifyCodeVC.swift in Sources */ = {isa = PBXBuildFile; fileRef = 3688A3BE1F444146002A94D4 /* VerifyCodeVC.swift */; };
		3688A3C11F4441B2002A94D4 /* SetNewPasswordVC.swift in Sources */ = {isa = PBXBuildFile; fileRef = 3688A3C01F4441B2002A94D4 /* SetNewPasswordVC.swift */; };
		36AA83C81F4E02E90023D21F /* EducationVC.swift in Sources */ = {isa = PBXBuildFile; fileRef = 36AA83C71F4E02E90023D21F /* EducationVC.swift */; };
		36AA83CA1F4E03400023D21F /* EducationCell.swift in Sources */ = {isa = PBXBuildFile; fileRef = 36AA83C91F4E03400023D21F /* EducationCell.swift */; };
		36AA83CC1F4E037F0023D21F /* Education.swift in Sources */ = {isa = PBXBuildFile; fileRef = 36AA83CB1F4E037F0023D21F /* Education.swift */; };
		36AA83CE1F4E08D70023D21F /* EducationDetailVC.swift in Sources */ = {isa = PBXBuildFile; fileRef = 36AA83CD1F4E08D70023D21F /* EducationDetailVC.swift */; };
		36B12CF91F0E385B00B2FEB4 /* AppDelegate.swift in Sources */ = {isa = PBXBuildFile; fileRef = 36B12CF81F0E385B00B2FEB4 /* AppDelegate.swift */; };
		36B12CFB1F0E385B00B2FEB4 /* ViewController.swift in Sources */ = {isa = PBXBuildFile; fileRef = 36B12CFA1F0E385B00B2FEB4 /* ViewController.swift */; };
		36B12CFE1F0E385B00B2FEB4 /* Main.storyboard in Resources */ = {isa = PBXBuildFile; fileRef = 36B12CFC1F0E385B00B2FEB4 /* Main.storyboard */; };
		36B12D001F0E385B00B2FEB4 /* Assets.xcassets in Resources */ = {isa = PBXBuildFile; fileRef = 36B12CFF1F0E385B00B2FEB4 /* Assets.xcassets */; };
		36B12D031F0E385B00B2FEB4 /* LaunchScreen.storyboard in Resources */ = {isa = PBXBuildFile; fileRef = 36B12D011F0E385B00B2FEB4 /* LaunchScreen.storyboard */; };
		36B12D0B1F0E51E700B2FEB4 /* EssentialOilsVC.swift in Sources */ = {isa = PBXBuildFile; fileRef = 36B12D0A1F0E51E700B2FEB4 /* EssentialOilsVC.swift */; };
		36BF89CC1F3AE40A009BC64C /* Agfuss.swift in Sources */ = {isa = PBXBuildFile; fileRef = 36BF89CB1F3AE40A009BC64C /* Agfuss.swift */; };
		36C2099D1F14E9CC004F55F8 /* ChartsVC.swift in Sources */ = {isa = PBXBuildFile; fileRef = 36C2099C1F14E9CC004F55F8 /* ChartsVC.swift */; };
		36C2099F1F14EE7E004F55F8 /* ChartVC.swift in Sources */ = {isa = PBXBuildFile; fileRef = 36C2099E1F14EE7E004F55F8 /* ChartVC.swift */; };
		36C209A11F14F1ED004F55F8 /* harmonized_blending_a3_en-min.pdf in Resources */ = {isa = PBXBuildFile; fileRef = 36C209A01F14F1ED004F55F8 /* harmonized_blending_a3_en-min.pdf */; };
		36C209A31F14F682004F55F8 /* eo_instruction_a3_en-min.pdf in Resources */ = {isa = PBXBuildFile; fileRef = 36C209A21F14F682004F55F8 /* eo_instruction_a3_en-min.pdf */; };
		36C346021F22635300247457 /* GetData.swift in Sources */ = {isa = PBXBuildFile; fileRef = 36C346011F22635300247457 /* GetData.swift */; };
		36CA89DA1F5032070092C80D /* oilNew.csv in Resources */ = {isa = PBXBuildFile; fileRef = 36CA89D91F5032070092C80D /* oilNew.csv */; };
		36EE5C651F0F9297002809BA /* oils.strings in Resources */ = {isa = PBXBuildFile; fileRef = 36EE5C641F0F9297002809BA /* oils.strings */; };
		36F36FA51F42DB72008E3F9B /* AgfussDetailVC.swift in Sources */ = {isa = PBXBuildFile; fileRef = 36F36FA41F42DB72008E3F9B /* AgfussDetailVC.swift */; };
		73592FC28059D717634DE2FB /* Pods_Loyly.framework in Frameworks */ = {isa = PBXBuildFile; fileRef = 3A2C51A2A83B014B7EA2B918 /* Pods_Loyly.framework */; };
/* End PBXBuildFile section */

/* Begin PBXFileReference section */
		22EEC22E1658348DBC31371E /* Pods-Loyly.release.xcconfig */ = {isa = PBXFileReference; includeInIndex = 1; lastKnownFileType = text.xcconfig; name = "Pods-Loyly.release.xcconfig"; path = "Pods/Target Support Files/Pods-Loyly/Pods-Loyly.release.xcconfig"; sourceTree = "<group>"; };
		3601D9CB1F2C758900E53372 /* CellV.xib */ = {isa = PBXFileReference; fileEncoding = 4; lastKnownFileType = file.xib; path = CellV.xib; sourceTree = "<group>"; };
		3601D9CD1F2C7AB000E53372 /* CellV.swift */ = {isa = PBXFileReference; fileEncoding = 4; lastKnownFileType = sourcecode.swift; path = CellV.swift; sourceTree = "<group>"; };
		3601D9D11F2C823000E53372 /* FormViewController.swift */ = {isa = PBXFileReference; fileEncoding = 4; lastKnownFileType = sourcecode.swift; path = FormViewController.swift; sourceTree = "<group>"; };
		36077BA81F361FE500EDA15F /* CreateAgfussVC.swift */ = {isa = PBXFileReference; fileEncoding = 4; lastKnownFileType = sourcecode.swift; path = CreateAgfussVC.swift; sourceTree = "<group>"; };
		36077BAA1F36207900EDA15F /* AgfussCell.swift */ = {isa = PBXFileReference; fileEncoding = 4; lastKnownFileType = sourcecode.swift; path = AgfussCell.swift; sourceTree = "<group>"; };
		3607F4671F4C3E95005E0FEA /* MainViewController.swift */ = {isa = PBXFileReference; lastKnownFileType = sourcecode.swift; path = MainViewController.swift; sourceTree = "<group>"; };
		360FDAB81F161CCE00E7FF9B /* caution_a3-min.pdf */ = {isa = PBXFileReference; lastKnownFileType = image.pdf; path = "caution_a3-min.pdf"; sourceTree = "<group>"; };
		36332A3D1F122F7700416442 /* OilDetailVC.swift */ = {isa = PBXFileReference; lastKnownFileType = sourcecode.swift; path = OilDetailVC.swift; sourceTree = "<group>"; };
		3661B6C01F12005500B7B8E2 /* Oils.swift */ = {isa = PBXFileReference; fileEncoding = 4; lastKnownFileType = sourcecode.swift; path = Oils.swift; sourceTree = "<group>"; };
		3661B6C31F120B6600B7B8E2 /* OilCell.swift */ = {isa = PBXFileReference; fileEncoding = 4; lastKnownFileType = sourcecode.swift; path = OilCell.swift; sourceTree = "<group>"; };
		366D1D821F504BC90013A242 /* DBUtil.swift */ = {isa = PBXFileReference; lastKnownFileType = sourcecode.swift; path = DBUtil.swift; sourceTree = "<group>"; };
		366F7A061F12115C00117B32 /* oils.csv */ = {isa = PBXFileReference; fileEncoding = 4; lastKnownFileType = text; path = oils.csv; sourceTree = "<group>"; };
		366F7A091F12123900117B32 /* csv.swift */ = {isa = PBXFileReference; fileEncoding = 4; lastKnownFileType = sourcecode.swift; path = csv.swift; sourceTree = "<group>"; };
		367986791F503D80003904D7 /* oilModel.xcdatamodel */ = {isa = PBXFileReference; lastKnownFileType = wrapper.xcdatamodel; path = oilModel.xcdatamodel; sourceTree = "<group>"; };
		3688A3B81F4440B4002A94D4 /* SignInVC.swift */ = {isa = PBXFileReference; lastKnownFileType = sourcecode.swift; path = SignInVC.swift; sourceTree = "<group>"; };
		3688A3BA1F4440DC002A94D4 /* SignUpVC.swift */ = {isa = PBXFileReference; lastKnownFileType = sourcecode.swift; path = SignUpVC.swift; sourceTree = "<group>"; };
		3688A3BC1F44411F002A94D4 /* ForgetPasswordVC.swift */ = {isa = PBXFileReference; lastKnownFileType = sourcecode.swift; path = ForgetPasswordVC.swift; sourceTree = "<group>"; };
		3688A3BE1F444146002A94D4 /* VerifyCodeVC.swift */ = {isa = PBXFileReference; lastKnownFileType = sourcecode.swift; path = VerifyCodeVC.swift; sourceTree = "<group>"; };
		3688A3C01F4441B2002A94D4 /* SetNewPasswordVC.swift */ = {isa = PBXFileReference; lastKnownFileType = sourcecode.swift; path = SetNewPasswordVC.swift; sourceTree = "<group>"; };
		36AA83C71F4E02E90023D21F /* EducationVC.swift */ = {isa = PBXFileReference; lastKnownFileType = sourcecode.swift; path = EducationVC.swift; sourceTree = "<group>"; };
		36AA83C91F4E03400023D21F /* EducationCell.swift */ = {isa = PBXFileReference; lastKnownFileType = sourcecode.swift; path = EducationCell.swift; sourceTree = "<group>"; };
		36AA83CB1F4E037F0023D21F /* Education.swift */ = {isa = PBXFileReference; lastKnownFileType = sourcecode.swift; path = Education.swift; sourceTree = "<group>"; };
		36AA83CD1F4E08D70023D21F /* EducationDetailVC.swift */ = {isa = PBXFileReference; lastKnownFileType = sourcecode.swift; path = EducationDetailVC.swift; sourceTree = "<group>"; };
		36B12CF51F0E385B00B2FEB4 /* Loyly.app */ = {isa = PBXFileReference; explicitFileType = wrapper.application; includeInIndex = 0; path = Loyly.app; sourceTree = BUILT_PRODUCTS_DIR; };
		36B12CF81F0E385B00B2FEB4 /* AppDelegate.swift */ = {isa = PBXFileReference; lastKnownFileType = sourcecode.swift; path = AppDelegate.swift; sourceTree = "<group>"; };
		36B12CFA1F0E385B00B2FEB4 /* ViewController.swift */ = {isa = PBXFileReference; lastKnownFileType = sourcecode.swift; path = ViewController.swift; sourceTree = "<group>"; };
		36B12CFD1F0E385B00B2FEB4 /* Base */ = {isa = PBXFileReference; lastKnownFileType = file.storyboard; name = Base; path = Base.lproj/Main.storyboard; sourceTree = "<group>"; };
		36B12CFF1F0E385B00B2FEB4 /* Assets.xcassets */ = {isa = PBXFileReference; lastKnownFileType = folder.assetcatalog; path = Assets.xcassets; sourceTree = "<group>"; };
		36B12D021F0E385B00B2FEB4 /* Base */ = {isa = PBXFileReference; lastKnownFileType = file.storyboard; name = Base; path = Base.lproj/LaunchScreen.storyboard; sourceTree = "<group>"; };
		36B12D041F0E385B00B2FEB4 /* Info.plist */ = {isa = PBXFileReference; lastKnownFileType = text.plist.xml; path = Info.plist; sourceTree = "<group>"; };
		36B12D0A1F0E51E700B2FEB4 /* EssentialOilsVC.swift */ = {isa = PBXFileReference; fileEncoding = 4; lastKnownFileType = sourcecode.swift; path = EssentialOilsVC.swift; sourceTree = "<group>"; };
		36BF89CB1F3AE40A009BC64C /* Agfuss.swift */ = {isa = PBXFileReference; fileEncoding = 4; lastKnownFileType = sourcecode.swift; path = Agfuss.swift; sourceTree = "<group>"; };
		36C2099C1F14E9CC004F55F8 /* ChartsVC.swift */ = {isa = PBXFileReference; fileEncoding = 4; lastKnownFileType = sourcecode.swift; path = ChartsVC.swift; sourceTree = "<group>"; };
		36C2099E1F14EE7E004F55F8 /* ChartVC.swift */ = {isa = PBXFileReference; fileEncoding = 4; lastKnownFileType = sourcecode.swift; path = ChartVC.swift; sourceTree = "<group>"; };
		36C209A01F14F1ED004F55F8 /* harmonized_blending_a3_en-min.pdf */ = {isa = PBXFileReference; lastKnownFileType = image.pdf; path = "harmonized_blending_a3_en-min.pdf"; sourceTree = "<group>"; };
		36C209A21F14F682004F55F8 /* eo_instruction_a3_en-min.pdf */ = {isa = PBXFileReference; lastKnownFileType = image.pdf; path = "eo_instruction_a3_en-min.pdf"; sourceTree = "<group>"; };
		36C346011F22635300247457 /* GetData.swift */ = {isa = PBXFileReference; fileEncoding = 4; lastKnownFileType = sourcecode.swift; path = GetData.swift; sourceTree = "<group>"; };
		36CA89D91F5032070092C80D /* oilNew.csv */ = {isa = PBXFileReference; fileEncoding = 4; lastKnownFileType = text; name = oilNew.csv; path = ../../../Downloads/oilNew.csv; sourceTree = "<group>"; };
		36EE5C641F0F9297002809BA /* oils.strings */ = {isa = PBXFileReference; fileEncoding = 4; lastKnownFileType = text.plist.strings; name = oils.strings; path = ../oils.strings; sourceTree = "<group>"; };
		36F36FA41F42DB72008E3F9B /* AgfussDetailVC.swift */ = {isa = PBXFileReference; lastKnownFileType = sourcecode.swift; path = AgfussDetailVC.swift; sourceTree = "<group>"; };
		3A2C51A2A83B014B7EA2B918 /* Pods_Loyly.framework */ = {isa = PBXFileReference; explicitFileType = wrapper.framework; includeInIndex = 0; path = Pods_Loyly.framework; sourceTree = BUILT_PRODUCTS_DIR; };
		46DFE37A3CE39FF50C15D937 /* Pods-Loyly.debug.xcconfig */ = {isa = PBXFileReference; includeInIndex = 1; lastKnownFileType = text.xcconfig; name = "Pods-Loyly.debug.xcconfig"; path = "Pods/Target Support Files/Pods-Loyly/Pods-Loyly.debug.xcconfig"; sourceTree = "<group>"; };
/* End PBXFileReference section */

/* Begin PBXFrameworksBuildPhase section */
		36B12CF21F0E385B00B2FEB4 /* Frameworks */ = {
			isa = PBXFrameworksBuildPhase;
			buildActionMask = 2147483647;
			files = (
				73592FC28059D717634DE2FB /* Pods_Loyly.framework in Frameworks */,
			);
			runOnlyForDeploymentPostprocessing = 0;
		};
/* End PBXFrameworksBuildPhase section */

/* Begin PBXGroup section */
		3661B6BE1F12002D00B7B8E2 /* Controller */ = {
			isa = PBXGroup;
			children = (
				36B12CFA1F0E385B00B2FEB4 /* ViewController.swift */,
				36B12D0A1F0E51E700B2FEB4 /* EssentialOilsVC.swift */,
				36332A3D1F122F7700416442 /* OilDetailVC.swift */,
				36C2099C1F14E9CC004F55F8 /* ChartsVC.swift */,
				36C2099E1F14EE7E004F55F8 /* ChartVC.swift */,
				3601D9CD1F2C7AB000E53372 /* CellV.swift */,
				3601D9D11F2C823000E53372 /* FormViewController.swift */,
				36077BA81F361FE500EDA15F /* CreateAgfussVC.swift */,
				36F36FA41F42DB72008E3F9B /* AgfussDetailVC.swift */,
				3688A3B81F4440B4002A94D4 /* SignInVC.swift */,
				3688A3BA1F4440DC002A94D4 /* SignUpVC.swift */,
				3688A3BC1F44411F002A94D4 /* ForgetPasswordVC.swift */,
				3688A3BE1F444146002A94D4 /* VerifyCodeVC.swift */,
				3688A3C01F4441B2002A94D4 /* SetNewPasswordVC.swift */,
				3607F4671F4C3E95005E0FEA /* MainViewController.swift */,
				36AA83C71F4E02E90023D21F /* EducationVC.swift */,
				36AA83CD1F4E08D70023D21F /* EducationDetailVC.swift */,
			);
			name = Controller;
			sourceTree = "<group>";
		};
		3661B6BF1F12003D00B7B8E2 /* Model */ = {
			isa = PBXGroup;
			children = (
				3661B6C01F12005500B7B8E2 /* Oils.swift */,
				36BF89CB1F3AE40A009BC64C /* Agfuss.swift */,
				36AA83CB1F4E037F0023D21F /* Education.swift */,
			);
			name = Model;
			sourceTree = "<group>";
		};
		3661B6C21F120B4200B7B8E2 /* View */ = {
			isa = PBXGroup;
			children = (
				3661B6C31F120B6600B7B8E2 /* OilCell.swift */,
				36077BAA1F36207900EDA15F /* AgfussCell.swift */,
				36AA83C91F4E03400023D21F /* EducationCell.swift */,
			);
			name = View;
			sourceTree = "<group>";
		};
		366D1D811F504BB40013A242 /* Database */ = {
			isa = PBXGroup;
			children = (
				366D1D821F504BC90013A242 /* DBUtil.swift */,
			);
			path = Database;
			sourceTree = "<group>";
		};
		366F7A051F120F5300117B32 /* Resources */ = {
			isa = PBXGroup;
			children = (
				36C209A01F14F1ED004F55F8 /* harmonized_blending_a3_en-min.pdf */,
				36C209A21F14F682004F55F8 /* eo_instruction_a3_en-min.pdf */,
				360FDAB81F161CCE00E7FF9B /* caution_a3-min.pdf */,
				366F7A061F12115C00117B32 /* oils.csv */,
				36CA89D91F5032070092C80D /* oilNew.csv */,
			);
			name = Resources;
			sourceTree = "<group>";
		};
		366F7A081F12122300117B32 /* Util */ = {
			isa = PBXGroup;
			children = (
				366F7A091F12123900117B32 /* csv.swift */,
			);
			name = Util;
			sourceTree = "<group>";
		};
		36B12CEC1F0E385B00B2FEB4 = {
			isa = PBXGroup;
			children = (
				36B12CF71F0E385B00B2FEB4 /* Loyly */,
				36B12CF61F0E385B00B2FEB4 /* Products */,
				3ACE1FEF6804DB464936BE7B /* Pods */,
				D42955EDB2372E13531DDF6E /* Frameworks */,
			);
			sourceTree = "<group>";
		};
		36B12CF61F0E385B00B2FEB4 /* Products */ = {
			isa = PBXGroup;
			children = (
				36B12CF51F0E385B00B2FEB4 /* Loyly.app */,
			);
			name = Products;
			sourceTree = "<group>";
		};
		36B12CF71F0E385B00B2FEB4 /* Loyly */ = {
			isa = PBXGroup;
			children = (
				366D1D811F504BB40013A242 /* Database */,
				36CA89DB1F503A880092C80D /* CoreData */,
				3661B6BF1F12003D00B7B8E2 /* Model */,
				3661B6C21F120B4200B7B8E2 /* View */,
				3661B6BE1F12002D00B7B8E2 /* Controller */,
				366F7A051F120F5300117B32 /* Resources */,
				366F7A081F12122300117B32 /* Util */,
				36C345FC1F2262C900247457 /* Networking */,
				36B99D091F515E710076784C /* StoryBoard */,
				36B12CF81F0E385B00B2FEB4 /* AppDelegate.swift */,
				36B12CFF1F0E385B00B2FEB4 /* Assets.xcassets */,
				36B12D041F0E385B00B2FEB4 /* Info.plist */,
				36EE5C641F0F9297002809BA /* oils.strings */,
			);
			path = Loyly;
			sourceTree = "<group>";
		};
		36B99D091F515E710076784C /* StoryBoard */ = {
			isa = PBXGroup;
			children = (
				36B12CFC1F0E385B00B2FEB4 /* Main.storyboard */,
				3601D9CB1F2C758900E53372 /* CellV.xib */,
				36B12D011F0E385B00B2FEB4 /* LaunchScreen.storyboard */,
			);
			path = StoryBoard;
			sourceTree = "<group>";
		};
		36C345FC1F2262C900247457 /* Networking */ = {
			isa = PBXGroup;
			children = (
				36C346011F22635300247457 /* GetData.swift */,
			);
			name = Networking;
			sourceTree = "<group>";
		};
		36CA89DB1F503A880092C80D /* CoreData */ = {
			isa = PBXGroup;
			children = (
				367986781F503D80003904D7 /* oilModel.xcdatamodeld */,
			);
			path = CoreData;
			sourceTree = "<group>";
		};
		3ACE1FEF6804DB464936BE7B /* Pods */ = {
			isa = PBXGroup;
			children = (
				46DFE37A3CE39FF50C15D937 /* Pods-Loyly.debug.xcconfig */,
				22EEC22E1658348DBC31371E /* Pods-Loyly.release.xcconfig */,
			);
			name = Pods;
			sourceTree = "<group>";
		};
		D42955EDB2372E13531DDF6E /* Frameworks */ = {
			isa = PBXGroup;
			children = (
				3A2C51A2A83B014B7EA2B918 /* Pods_Loyly.framework */,
			);
			name = Frameworks;
			sourceTree = "<group>";
		};
/* End PBXGroup section */

/* Begin PBXNativeTarget section */
		36B12CF41F0E385B00B2FEB4 /* Loyly */ = {
			isa = PBXNativeTarget;
			buildConfigurationList = 36B12D071F0E385B00B2FEB4 /* Build configuration list for PBXNativeTarget "Loyly" */;
			buildPhases = (
				1C466196061329F3AA0B0DF7 /* [CP] Check Pods Manifest.lock */,
				36B12CF11F0E385B00B2FEB4 /* Sources */,
				36B12CF21F0E385B00B2FEB4 /* Frameworks */,
				36B12CF31F0E385B00B2FEB4 /* Resources */,
				1DF40A7DA82DCD6802E00807 /* [CP] Embed Pods Frameworks */,
				05A09546D86747DDE81C26F6 /* [CP] Copy Pods Resources */,
			);
			buildRules = (
			);
			dependencies = (
			);
			name = Loyly;
			productName = Loyly;
			productReference = 36B12CF51F0E385B00B2FEB4 /* Loyly.app */;
			productType = "com.apple.product-type.application";
		};
/* End PBXNativeTarget section */

/* Begin PBXProject section */
		36B12CED1F0E385B00B2FEB4 /* Project object */ = {
			isa = PBXProject;
			attributes = {
				LastSwiftUpdateCheck = 0830;
				LastUpgradeCheck = 0900;
				ORGANIZATIONNAME = "Syed Askari";
				TargetAttributes = {
					36B12CF41F0E385B00B2FEB4 = {
						CreatedOnToolsVersion = 8.3.3;
						DevelopmentTeam = 3D5VRNJS79;
						LastSwiftMigration = 0900;
						ProvisioningStyle = Automatic;
					};
				};
			};
			buildConfigurationList = 36B12CF01F0E385B00B2FEB4 /* Build configuration list for PBXProject "Loyly" */;
			compatibilityVersion = "Xcode 3.2";
			developmentRegion = English;
			hasScannedForEncodings = 0;
			knownRegions = (
				en,
				Base,
			);
			mainGroup = 36B12CEC1F0E385B00B2FEB4;
			productRefGroup = 36B12CF61F0E385B00B2FEB4 /* Products */;
			projectDirPath = "";
			projectRoot = "";
			targets = (
				36B12CF41F0E385B00B2FEB4 /* Loyly */,
			);
		};
/* End PBXProject section */

/* Begin PBXResourcesBuildPhase section */
		36B12CF31F0E385B00B2FEB4 /* Resources */ = {
			isa = PBXResourcesBuildPhase;
			buildActionMask = 2147483647;
			files = (
				36B12D031F0E385B00B2FEB4 /* LaunchScreen.storyboard in Resources */,
				360FDAB91F161CCE00E7FF9B /* caution_a3-min.pdf in Resources */,
				36B12D001F0E385B00B2FEB4 /* Assets.xcassets in Resources */,
				36CA89DA1F5032070092C80D /* oilNew.csv in Resources */,
				366F7A071F12115C00117B32 /* oils.csv in Resources */,
				3601D9CC1F2C758900E53372 /* CellV.xib in Resources */,
				36B12CFE1F0E385B00B2FEB4 /* Main.storyboard in Resources */,
				36C209A11F14F1ED004F55F8 /* harmonized_blending_a3_en-min.pdf in Resources */,
				36EE5C651F0F9297002809BA /* oils.strings in Resources */,
				36C209A31F14F682004F55F8 /* eo_instruction_a3_en-min.pdf in Resources */,
			);
			runOnlyForDeploymentPostprocessing = 0;
		};
/* End PBXResourcesBuildPhase section */

/* Begin PBXShellScriptBuildPhase section */
		05A09546D86747DDE81C26F6 /* [CP] Copy Pods Resources */ = {
			isa = PBXShellScriptBuildPhase;
			buildActionMask = 2147483647;
			files = (
			);
			inputPaths = (
			);
			name = "[CP] Copy Pods Resources";
			outputPaths = (
			);
			runOnlyForDeploymentPostprocessing = 0;
			shellPath = /bin/sh;
			shellScript = "\"${SRCROOT}/Pods/Target Support Files/Pods-Loyly/Pods-Loyly-resources.sh\"\n";
			showEnvVarsInLog = 0;
		};
		1C466196061329F3AA0B0DF7 /* [CP] Check Pods Manifest.lock */ = {
			isa = PBXShellScriptBuildPhase;
			buildActionMask = 2147483647;
			files = (
			);
			inputPaths = (
			);
			name = "[CP] Check Pods Manifest.lock";
			outputPaths = (
			);
			runOnlyForDeploymentPostprocessing = 0;
			shellPath = /bin/sh;
			shellScript = "diff \"${PODS_PODFILE_DIR_PATH}/Podfile.lock\" \"${PODS_ROOT}/Manifest.lock\" > /dev/null\nif [ $? != 0 ] ; then\n    # print error to STDERR\n    echo \"error: The sandbox is not in sync with the Podfile.lock. Run 'pod install' or update your CocoaPods installation.\" >&2\n    exit 1\nfi\n";
			showEnvVarsInLog = 0;
		};
		1DF40A7DA82DCD6802E00807 /* [CP] Embed Pods Frameworks */ = {
			isa = PBXShellScriptBuildPhase;
			buildActionMask = 2147483647;
			files = (
			);
			inputPaths = (
			);
			name = "[CP] Embed Pods Frameworks";
			outputPaths = (
			);
			runOnlyForDeploymentPostprocessing = 0;
			shellPath = /bin/sh;
			shellScript = "\"${SRCROOT}/Pods/Target Support Files/Pods-Loyly/Pods-Loyly-frameworks.sh\"\n";
			showEnvVarsInLog = 0;
		};
/* End PBXShellScriptBuildPhase section */

/* Begin PBXSourcesBuildPhase section */
		36B12CF11F0E385B00B2FEB4 /* Sources */ = {
			isa = PBXSourcesBuildPhase;
			buildActionMask = 2147483647;
			files = (
				3688A3C11F4441B2002A94D4 /* SetNewPasswordVC.swift in Sources */,
				36AA83CA1F4E03400023D21F /* EducationCell.swift in Sources */,
				36BF89CC1F3AE40A009BC64C /* Agfuss.swift in Sources */,
				366F7A0A1F12123900117B32 /* csv.swift in Sources */,
				3601D9D21F2C823000E53372 /* FormViewController.swift in Sources */,
				36B12CFB1F0E385B00B2FEB4 /* ViewController.swift in Sources */,
				36077BAB1F36207900EDA15F /* AgfussCell.swift in Sources */,
				36AA83CC1F4E037F0023D21F /* Education.swift in Sources */,
				3688A3BF1F444146002A94D4 /* VerifyCodeVC.swift in Sources */,
				36C346021F22635300247457 /* GetData.swift in Sources */,
				3688A3B91F4440B4002A94D4 /* SignInVC.swift in Sources */,
				3688A3BB1F4440DC002A94D4 /* SignUpVC.swift in Sources */,
				3661B6C41F120B6600B7B8E2 /* OilCell.swift in Sources */,
				36AA83CE1F4E08D70023D21F /* EducationDetailVC.swift in Sources */,
				36C2099D1F14E9CC004F55F8 /* ChartsVC.swift in Sources */,
				36332A3E1F122F7700416442 /* OilDetailVC.swift in Sources */,
				3679867A1F503D80003904D7 /* oilModel.xcdatamodeld in Sources */,
				36F36FA51F42DB72008E3F9B /* AgfussDetailVC.swift in Sources */,
				3607F4681F4C3E95005E0FEA /* MainViewController.swift in Sources */,
				3601D9CE1F2C7AB000E53372 /* CellV.swift in Sources */,
				36B12D0B1F0E51E700B2FEB4 /* EssentialOilsVC.swift in Sources */,
				36AA83C81F4E02E90023D21F /* EducationVC.swift in Sources */,
				3661B6C11F12005500B7B8E2 /* Oils.swift in Sources */,
				366D1D831F504BC90013A242 /* DBUtil.swift in Sources */,
				36B12CF91F0E385B00B2FEB4 /* AppDelegate.swift in Sources */,
				36C2099F1F14EE7E004F55F8 /* ChartVC.swift in Sources */,
				3688A3BD1F44411F002A94D4 /* ForgetPasswordVC.swift in Sources */,
				36077BA91F361FE500EDA15F /* CreateAgfussVC.swift in Sources */,
			);
			runOnlyForDeploymentPostprocessing = 0;
		};
/* End PBXSourcesBuildPhase section */

/* Begin PBXVariantGroup section */
		36B12CFC1F0E385B00B2FEB4 /* Main.storyboard */ = {
			isa = PBXVariantGroup;
			children = (
				36B12CFD1F0E385B00B2FEB4 /* Base */,
			);
			name = Main.storyboard;
			sourceTree = "<group>";
		};
		36B12D011F0E385B00B2FEB4 /* LaunchScreen.storyboard */ = {
			isa = PBXVariantGroup;
			children = (
				36B12D021F0E385B00B2FEB4 /* Base */,
			);
			name = LaunchScreen.storyboard;
			sourceTree = "<group>";
		};
/* End PBXVariantGroup section */

/* Begin XCBuildConfiguration section */
		36B12D051F0E385B00B2FEB4 /* Debug */ = {
			isa = XCBuildConfiguration;
			buildSettings = {
				ALWAYS_SEARCH_USER_PATHS = NO;
				CLANG_ANALYZER_NONNULL = YES;
				CLANG_ANALYZER_NUMBER_OBJECT_CONVERSION = YES_AGGRESSIVE;
				CLANG_CXX_LANGUAGE_STANDARD = "gnu++0x";
				CLANG_CXX_LIBRARY = "libc++";
				CLANG_ENABLE_MODULES = YES;
				CLANG_ENABLE_OBJC_ARC = YES;
				CLANG_WARN_BLOCK_CAPTURE_AUTORELEASING = YES;
				CLANG_WARN_BOOL_CONVERSION = YES;
				CLANG_WARN_COMMA = YES;
				CLANG_WARN_CONSTANT_CONVERSION = YES;
				CLANG_WARN_DIRECT_OBJC_ISA_USAGE = YES_ERROR;
				CLANG_WARN_DOCUMENTATION_COMMENTS = YES;
				CLANG_WARN_EMPTY_BODY = YES;
				CLANG_WARN_ENUM_CONVERSION = YES;
				CLANG_WARN_INFINITE_RECURSION = YES;
				CLANG_WARN_INT_CONVERSION = YES;
				CLANG_WARN_NON_LITERAL_NULL_CONVERSION = YES;
				CLANG_WARN_OBJC_LITERAL_CONVERSION = YES;
				CLANG_WARN_OBJC_ROOT_CLASS = YES_ERROR;
				CLANG_WARN_RANGE_LOOP_ANALYSIS = YES;
				CLANG_WARN_STRICT_PROTOTYPES = YES;
				CLANG_WARN_SUSPICIOUS_MOVE = YES;
				CLANG_WARN_UNREACHABLE_CODE = YES;
				CLANG_WARN__DUPLICATE_METHOD_MATCH = YES;
				"CODE_SIGN_IDENTITY[sdk=iphoneos*]" = "iPhone Developer";
				COPY_PHASE_STRIP = NO;
				DEBUG_INFORMATION_FORMAT = dwarf;
				ENABLE_STRICT_OBJC_MSGSEND = YES;
				ENABLE_TESTABILITY = YES;
				GCC_C_LANGUAGE_STANDARD = gnu99;
				GCC_DYNAMIC_NO_PIC = NO;
				GCC_NO_COMMON_BLOCKS = YES;
				GCC_OPTIMIZATION_LEVEL = 0;
				GCC_PREPROCESSOR_DEFINITIONS = (
					"DEBUG=1",
					"$(inherited)",
				);
				GCC_WARN_64_TO_32_BIT_CONVERSION = YES;
				GCC_WARN_ABOUT_RETURN_TYPE = YES_ERROR;
				GCC_WARN_UNDECLARED_SELECTOR = YES;
				GCC_WARN_UNINITIALIZED_AUTOS = YES_AGGRESSIVE;
				GCC_WARN_UNUSED_FUNCTION = YES;
				GCC_WARN_UNUSED_VARIABLE = YES;
				IPHONEOS_DEPLOYMENT_TARGET = 10.3;
				MTL_ENABLE_DEBUG_INFO = YES;
				ONLY_ACTIVE_ARCH = YES;
				SDKROOT = iphoneos;
				SWIFT_ACTIVE_COMPILATION_CONDITIONS = DEBUG;
				SWIFT_OPTIMIZATION_LEVEL = "-Onone";
				TARGETED_DEVICE_FAMILY = "1,2";
			};
			name = Debug;
		};
		36B12D061F0E385B00B2FEB4 /* Release */ = {
			isa = XCBuildConfiguration;
			buildSettings = {
				ALWAYS_SEARCH_USER_PATHS = NO;
				CLANG_ANALYZER_NONNULL = YES;
				CLANG_ANALYZER_NUMBER_OBJECT_CONVERSION = YES_AGGRESSIVE;
				CLANG_CXX_LANGUAGE_STANDARD = "gnu++0x";
				CLANG_CXX_LIBRARY = "libc++";
				CLANG_ENABLE_MODULES = YES;
				CLANG_ENABLE_OBJC_ARC = YES;
				CLANG_WARN_BLOCK_CAPTURE_AUTORELEASING = YES;
				CLANG_WARN_BOOL_CONVERSION = YES;
				CLANG_WARN_COMMA = YES;
				CLANG_WARN_CONSTANT_CONVERSION = YES;
				CLANG_WARN_DIRECT_OBJC_ISA_USAGE = YES_ERROR;
				CLANG_WARN_DOCUMENTATION_COMMENTS = YES;
				CLANG_WARN_EMPTY_BODY = YES;
				CLANG_WARN_ENUM_CONVERSION = YES;
				CLANG_WARN_INFINITE_RECURSION = YES;
				CLANG_WARN_INT_CONVERSION = YES;
				CLANG_WARN_NON_LITERAL_NULL_CONVERSION = YES;
				CLANG_WARN_OBJC_LITERAL_CONVERSION = YES;
				CLANG_WARN_OBJC_ROOT_CLASS = YES_ERROR;
				CLANG_WARN_RANGE_LOOP_ANALYSIS = YES;
				CLANG_WARN_STRICT_PROTOTYPES = YES;
				CLANG_WARN_SUSPICIOUS_MOVE = YES;
				CLANG_WARN_UNREACHABLE_CODE = YES;
				CLANG_WARN__DUPLICATE_METHOD_MATCH = YES;
				"CODE_SIGN_IDENTITY[sdk=iphoneos*]" = "iPhone Developer";
				COPY_PHASE_STRIP = NO;
				DEBUG_INFORMATION_FORMAT = "dwarf-with-dsym";
				ENABLE_NS_ASSERTIONS = NO;
				ENABLE_STRICT_OBJC_MSGSEND = YES;
				GCC_C_LANGUAGE_STANDARD = gnu99;
				GCC_NO_COMMON_BLOCKS = YES;
				GCC_WARN_64_TO_32_BIT_CONVERSION = YES;
				GCC_WARN_ABOUT_RETURN_TYPE = YES_ERROR;
				GCC_WARN_UNDECLARED_SELECTOR = YES;
				GCC_WARN_UNINITIALIZED_AUTOS = YES_AGGRESSIVE;
				GCC_WARN_UNUSED_FUNCTION = YES;
				GCC_WARN_UNUSED_VARIABLE = YES;
				IPHONEOS_DEPLOYMENT_TARGET = 10.3;
				MTL_ENABLE_DEBUG_INFO = NO;
				SDKROOT = iphoneos;
				SWIFT_OPTIMIZATION_LEVEL = "-Owholemodule";
				TARGETED_DEVICE_FAMILY = "1,2";
				VALIDATE_PRODUCT = YES;
			};
			name = Release;
		};
		36B12D081F0E385B00B2FEB4 /* Debug */ = {
			isa = XCBuildConfiguration;
			baseConfigurationReference = 46DFE37A3CE39FF50C15D937 /* Pods-Loyly.debug.xcconfig */;
			buildSettings = {
				ASSETCATALOG_COMPILER_APPICON_NAME = AppIcon;
				CLANG_ENABLE_MODULES = YES;
				DEVELOPMENT_TEAM = 3D5VRNJS79;
				INFOPLIST_FILE = Loyly/Info.plist;
				IPHONEOS_DEPLOYMENT_TARGET = 10.0;
				LD_RUNPATH_SEARCH_PATHS = "$(inherited) @executable_path/Frameworks";
				PRODUCT_BUNDLE_IDENTIFIER = com.askari.Loyly;
				PRODUCT_NAME = "$(TARGET_NAME)";
				SWIFT_OBJC_BRIDGING_HEADER = "";
				SWIFT_OPTIMIZATION_LEVEL = "-Onone";
				SWIFT_VERSION = 3.0;
			};
			name = Debug;
		};
		36B12D091F0E385B00B2FEB4 /* Release */ = {
			isa = XCBuildConfiguration;
			baseConfigurationReference = 22EEC22E1658348DBC31371E /* Pods-Loyly.release.xcconfig */;
			buildSettings = {
				ASSETCATALOG_COMPILER_APPICON_NAME = AppIcon;
				CLANG_ENABLE_MODULES = YES;
				DEVELOPMENT_TEAM = 3D5VRNJS79;
				INFOPLIST_FILE = Loyly/Info.plist;
				IPHONEOS_DEPLOYMENT_TARGET = 10.0;
				LD_RUNPATH_SEARCH_PATHS = "$(inherited) @executable_path/Frameworks";
				PRODUCT_BUNDLE_IDENTIFIER = com.askari.Loyly;
				PRODUCT_NAME = "$(TARGET_NAME)";
				SWIFT_OBJC_BRIDGING_HEADER = "";
				SWIFT_VERSION = 3.0;
			};
			name = Release;
		};
/* End XCBuildConfiguration section */

/* Begin XCConfigurationList section */
		36B12CF01F0E385B00B2FEB4 /* Build configuration list for PBXProject "Loyly" */ = {
			isa = XCConfigurationList;
			buildConfigurations = (
				36B12D051F0E385B00B2FEB4 /* Debug */,
				36B12D061F0E385B00B2FEB4 /* Release */,
			);
			defaultConfigurationIsVisible = 0;
			defaultConfigurationName = Release;
		};
		36B12D071F0E385B00B2FEB4 /* Build configuration list for PBXNativeTarget "Loyly" */ = {
			isa = XCConfigurationList;
			buildConfigurations = (
				36B12D081F0E385B00B2FEB4 /* Debug */,
				36B12D091F0E385B00B2FEB4 /* Release */,
			);
			defaultConfigurationIsVisible = 0;
			defaultConfigurationName = Release;
		};
/* End XCConfigurationList section */

/* Begin XCVersionGroup section */
		367986781F503D80003904D7 /* oilModel.xcdatamodeld */ = {
			isa = XCVersionGroup;
			children = (
				367986791F503D80003904D7 /* oilModel.xcdatamodel */,
			);
			currentVersion = 367986791F503D80003904D7 /* oilModel.xcdatamodel */;
			path = oilModel.xcdatamodeld;
			sourceTree = "<group>";
			versionGroupType = wrapper.xcdatamodel;
		};
/* End XCVersionGroup section */
	};
	rootObject = 36B12CED1F0E385B00B2FEB4 /* Project object */;
}
